
Microsoft Visual Studio Solution File, Format Version 12.00
# Visual Studio Version 17
VisualStudioVersion = 17.13.35931.197
MinimumVisualStudioVersion = 10.0.40219.1
Project("{2150E333-8FDC-42A3-9474-1A3956D46DE8}") = "01", "01", "{02EA681E-C7D8-13C7-8484-4AC65E1B71E8}"
EndProject
Project("{FAE04EC0-301F-11D3-BF4B-00C04F79EFBC}") = "Ejercicio01.Consola", "Ejercicio01.Consola\Ejercicio01.Consola.csproj", "{2119A0A2-45AF-46F9-A8B6-CC22D974A883}"
EndProject
Project("{2150E333-8FDC-42A3-9474-1A3956D46DE8}") = "02", "02", "{872063C6-A3ED-4CA5-A576-121EB808E1BE}"
EndProject
Project("{FAE04EC0-301F-11D3-BF4B-00C04F79EFBC}") = "Ejercicio02.Consola", "Ejercicio02.Consola\Ejercicio02.Consola.csproj", "{6C0F0FCB-D7DF-4C7B-995C-5A8710DE8547}"
EndProject
Project("{2150E333-8FDC-42A3-9474-1A3956D46DE8}") = "03", "03", "{72754C31-C965-4A48-B976-A3DF2222ECD5}"
EndProject
Project("{FAE04EC0-301F-11D3-BF4B-00C04F79EFBC}") = "Ejercicio03.Consola", "Ejercicio03.Consola\Ejercicio03.Consola.csproj", "{4531E132-E7A3-4830-B62B-BE126007B1DB}"
EndProject
Project("{2150E333-8FDC-42A3-9474-1A3956D46DE8}") = "05", "05", "{8492A5B0-2E6E-4D77-B37E-C472DF474960}"
EndProject
Project("{FAE04EC0-301F-11D3-BF4B-00C04F79EFBC}") = "Ejercicio05.Consola", "Ejercicio05.Consola\Ejercicio05.Consola.csproj", "{6167256F-3574-4031-945D-4F8B722D2421}"
EndProject
Project("{2150E333-8FDC-42A3-9474-1A3956D46DE8}") = "04", "04", "{C9A3A056-A7E3-4B6C-AC7B-6D307437127D}"
EndProject
Project("{FAE04EC0-301F-11D3-BF4B-00C04F79EFBC}") = "Ejercicio04.Consola", "Ejercicio04.Consola\Ejercicio04.Consola.csproj", "{4AC9EA9D-1599-45C4-8682-3650AC93CC90}"
EndProject
Project("{2150E333-8FDC-42A3-9474-1A3956D46DE8}") = "06", "06", "{4D089374-7F77-4774-BECC-F3EF288DEAB0}"
EndProject
Project("{FAE04EC0-301F-11D3-BF4B-00C04F79EFBC}") = "Ejercicio06.Consola", "Ejercicio06.Consola\Ejercicio06.Consola.csproj", "{44C48DE7-BF82-4CD7-8F80-1DA981A97D4A}"
EndProject
Project("{2150E333-8FDC-42A3-9474-1A3956D46DE8}") = "07", "07", "{CB4F60E4-6E38-482C-B396-71CD76F8D3FB}"
EndProject
Project("{FAE04EC0-301F-11D3-BF4B-00C04F79EFBC}") = "Ejercicio07.Consola", "Ejercicio07.Consola\Ejercicio07.Consola.csproj", "{8341C77B-080C-479B-9EA1-FF79F40D1F1A}"
EndProject
Project("{2150E333-8FDC-42A3-9474-1A3956D46DE8}") = "08", "08", "{9B9732E7-550B-4699-8842-9BEEA15DDBC3}"
EndProject
Project("{FAE04EC0-301F-11D3-BF4B-00C04F79EFBC}") = "Ejercicio08.Consola", "Ejercicio08.Consola\Ejercicio08.Consola.csproj", "{BE2473D7-14F9-4131-A549-0F10456FDC23}"
EndProject
Project("{2150E333-8FDC-42A3-9474-1A3956D46DE8}") = "09", "09", "{E1B810A3-35D9-418B-9B03-6B6BFC1E71FE}"
EndProject
Project("{FAE04EC0-301F-11D3-BF4B-00C04F79EFBC}") = "Ejercicio09.Consola", "Ejercicio09.Consola\Ejercicio09.Consola.csproj", "{2B4A6B3A-AF3A-4BAB-9FEA-3817298EEB3D}"
EndProject
Project("{2150E333-8FDC-42A3-9474-1A3956D46DE8}") = "10", "10", "{16FFC072-06B4-4D14-B85E-A7E9A526DD50}"
EndProject
Project("{FAE04EC0-301F-11D3-BF4B-00C04F79EFBC}") = "Ejercicio10.Consola", "Ejercicio10.Consola\Ejercicio10.Consola.csproj", "{135D2637-E30F-4A62-A691-71AFA042BDE4}"
EndProject
Project("{2150E333-8FDC-42A3-9474-1A3956D46DE8}") = "08B", "08B", "{61AC7641-99DE-4554-8503-C9E002A487A5}"
EndProject
Project("{FAE04EC0-301F-11D3-BF4B-00C04F79EFBC}") = "Ejercicio08B.Consola", "Ejercicio08B.Consola\Ejercicio08B.Consola.csproj", "{F3100F7B-1DA2-4990-8F58-BEA05C3004AB}"
EndProject
Project("{2150E333-8FDC-42A3-9474-1A3956D46DE8}") = "02B", "02B", "{0C0EEE38-EB9A-45B5-87F1-A7B0B6F6B852}"
EndProject
Project("{FAE04EC0-301F-11D3-BF4B-00C04F79EFBC}") = "Ejercicio02B.Consola", "Ejercicio02B.Consola\Ejercicio02B.Consola.csproj", "{5ACFCC80-2AAF-47F9-985B-0D4524C4C939}"
EndProject
Project("{2150E333-8FDC-42A3-9474-1A3956D46DE8}") = "03B", "03B", "{29F89E4A-5FEB-49FB-A7A2-BD8B5A36AC68}"
EndProject
Project("{FAE04EC0-301F-11D3-BF4B-00C04F79EFBC}") = "Ejercicio03B.Consola", "Ejercicio03B.Consola\Ejercicio03B.Consola.csproj", "{2FE7533A-5403-4D55-B684-89F37160FF09}"
EndProject
Project("{2150E333-8FDC-42A3-9474-1A3956D46DE8}") = "04B", "04B", "{3AA02B8A-17F4-4706-B0FC-93BE5559E611}"
EndProject
Project("{FAE04EC0-301F-11D3-BF4B-00C04F79EFBC}") = "Ejercicio04B.Consola", "Ejercicio04B.Consola\Ejercicio04B.Consola.csproj", "{934D2CB9-0186-4132-8F16-D497328E89AA}"
EndProject
Project("{2150E333-8FDC-42A3-9474-1A3956D46DE8}") = "05B", "05B", "{6948375E-6B4F-40E2-A2A2-9553323A5C91}"
EndProject
Project("{FAE04EC0-301F-11D3-BF4B-00C04F79EFBC}") = "Ejercicio05B.Consola", "Ejercicio05B.Consola\Ejercicio05B.Consola.csproj", "{1240110E-9784-4279-9E21-841E0A1ECB16}"
EndProject
Global
	GlobalSection(SolutionConfigurationPlatforms) = preSolution
		Debug|Any CPU = Debug|Any CPU
		Release|Any CPU = Release|Any CPU
	EndGlobalSection
	GlobalSection(ProjectConfigurationPlatforms) = postSolution
		{2119A0A2-45AF-46F9-A8B6-CC22D974A883}.Debug|Any CPU.ActiveCfg = Debug|Any CPU
		{2119A0A2-45AF-46F9-A8B6-CC22D974A883}.Debug|Any CPU.Build.0 = Debug|Any CPU
		{2119A0A2-45AF-46F9-A8B6-CC22D974A883}.Release|Any CPU.ActiveCfg = Release|Any CPU
		{2119A0A2-45AF-46F9-A8B6-CC22D974A883}.Release|Any CPU.Build.0 = Release|Any CPU
		{6C0F0FCB-D7DF-4C7B-995C-5A8710DE8547}.Debug|Any CPU.ActiveCfg = Debug|Any CPU
		{6C0F0FCB-D7DF-4C7B-995C-5A8710DE8547}.Debug|Any CPU.Build.0 = Debug|Any CPU
		{6C0F0FCB-D7DF-4C7B-995C-5A8710DE8547}.Release|Any CPU.ActiveCfg = Release|Any CPU
		{6C0F0FCB-D7DF-4C7B-995C-5A8710DE8547}.Release|Any CPU.Build.0 = Release|Any CPU
		{4531E132-E7A3-4830-B62B-BE126007B1DB}.Debug|Any CPU.ActiveCfg = Debug|Any CPU
		{4531E132-E7A3-4830-B62B-BE126007B1DB}.Debug|Any CPU.Build.0 = Debug|Any CPU
		{4531E132-E7A3-4830-B62B-BE126007B1DB}.Release|Any CPU.ActiveCfg = Release|Any CPU
		{4531E132-E7A3-4830-B62B-BE126007B1DB}.Release|Any CPU.Build.0 = Release|Any CPU
		{6167256F-3574-4031-945D-4F8B722D2421}.Debug|Any CPU.ActiveCfg = Debug|Any CPU
		{6167256F-3574-4031-945D-4F8B722D2421}.Debug|Any CPU.Build.0 = Debug|Any CPU
		{6167256F-3574-4031-945D-4F8B722D2421}.Release|Any CPU.ActiveCfg = Release|Any CPU
		{6167256F-3574-4031-945D-4F8B722D2421}.Release|Any CPU.Build.0 = Release|Any CPU
		{4AC9EA9D-1599-45C4-8682-3650AC93CC90}.Debug|Any CPU.ActiveCfg = Debug|Any CPU
		{4AC9EA9D-1599-45C4-8682-3650AC93CC90}.Debug|Any CPU.Build.0 = Debug|Any CPU
		{4AC9EA9D-1599-45C4-8682-3650AC93CC90}.Release|Any CPU.ActiveCfg = Release|Any CPU
		{4AC9EA9D-1599-45C4-8682-3650AC93CC90}.Release|Any CPU.Build.0 = Release|Any CPU
		{44C48DE7-BF82-4CD7-8F80-1DA981A97D4A}.Debug|Any CPU.ActiveCfg = Debug|Any CPU
		{44C48DE7-BF82-4CD7-8F80-1DA981A97D4A}.Debug|Any CPU.Build.0 = Debug|Any CPU
		{44C48DE7-BF82-4CD7-8F80-1DA981A97D4A}.Release|Any CPU.ActiveCfg = Release|Any CPU
		{44C48DE7-BF82-4CD7-8F80-1DA981A97D4A}.Release|Any CPU.Build.0 = Release|Any CPU
		{8341C77B-080C-479B-9EA1-FF79F40D1F1A}.Debug|Any CPU.ActiveCfg = Debug|Any CPU
		{8341C77B-080C-479B-9EA1-FF79F40D1F1A}.Debug|Any CPU.Build.0 = Debug|Any CPU
		{8341C77B-080C-479B-9EA1-FF79F40D1F1A}.Release|Any CPU.ActiveCfg = Release|Any CPU
		{8341C77B-080C-479B-9EA1-FF79F40D1F1A}.Release|Any CPU.Build.0 = Release|Any CPU
		{BE2473D7-14F9-4131-A549-0F10456FDC23}.Debug|Any CPU.ActiveCfg = Debug|Any CPU
		{BE2473D7-14F9-4131-A549-0F10456FDC23}.Debug|Any CPU.Build.0 = Debug|Any CPU
		{BE2473D7-14F9-4131-A549-0F10456FDC23}.Release|Any CPU.ActiveCfg = Release|Any CPU
		{BE2473D7-14F9-4131-A549-0F10456FDC23}.Release|Any CPU.Build.0 = Release|Any CPU
		{2B4A6B3A-AF3A-4BAB-9FEA-3817298EEB3D}.Debug|Any CPU.ActiveCfg = Debug|Any CPU
		{2B4A6B3A-AF3A-4BAB-9FEA-3817298EEB3D}.Debug|Any CPU.Build.0 = Debug|Any CPU
		{2B4A6B3A-AF3A-4BAB-9FEA-3817298EEB3D}.Release|Any CPU.ActiveCfg = Release|Any CPU
		{2B4A6B3A-AF3A-4BAB-9FEA-3817298EEB3D}.Release|Any CPU.Build.0 = Release|Any CPU
		{135D2637-E30F-4A62-A691-71AFA042BDE4}.Debug|Any CPU.ActiveCfg = Debug|Any CPU
		{135D2637-E30F-4A62-A691-71AFA042BDE4}.Debug|Any CPU.Build.0 = Debug|Any CPU
		{135D2637-E30F-4A62-A691-71AFA042BDE4}.Release|Any CPU.ActiveCfg = Release|Any CPU
		{135D2637-E30F-4A62-A691-71AFA042BDE4}.Release|Any CPU.Build.0 = Release|Any CPU
		{F3100F7B-1DA2-4990-8F58-BEA05C3004AB}.Debug|Any CPU.ActiveCfg = Debug|Any CPU
		{F3100F7B-1DA2-4990-8F58-BEA05C3004AB}.Debug|Any CPU.Build.0 = Debug|Any CPU
		{F3100F7B-1DA2-4990-8F58-BEA05C3004AB}.Release|Any CPU.ActiveCfg = Release|Any CPU
		{F3100F7B-1DA2-4990-8F58-BEA05C3004AB}.Release|Any CPU.Build.0 = Release|Any CPU
		{5ACFCC80-2AAF-47F9-985B-0D4524C4C939}.Debug|Any CPU.ActiveCfg = Debug|Any CPU
		{5ACFCC80-2AAF-47F9-985B-0D4524C4C939}.Debug|Any CPU.Build.0 = Debug|Any CPU
		{5ACFCC80-2AAF-47F9-985B-0D4524C4C939}.Release|Any CPU.ActiveCfg = Release|Any CPU
		{5ACFCC80-2AAF-47F9-985B-0D4524C4C939}.Release|Any CPU.Build.0 = Release|Any CPU
		{2FE7533A-5403-4D55-B684-89F37160FF09}.Debug|Any CPU.ActiveCfg = Debug|Any CPU
		{2FE7533A-5403-4D55-B684-89F37160FF09}.Debug|Any CPU.Build.0 = Debug|Any CPU
		{2FE7533A-5403-4D55-B684-89F37160FF09}.Release|Any CPU.ActiveCfg = Release|Any CPU
		{2FE7533A-5403-4D55-B684-89F37160FF09}.Release|Any CPU.Build.0 = Release|Any CPU
		{934D2CB9-0186-4132-8F16-D497328E89AA}.Debug|Any CPU.ActiveCfg = Debug|Any CPU
		{934D2CB9-0186-4132-8F16-D497328E89AA}.Debug|Any CPU.Build.0 = Debug|Any CPU
		{934D2CB9-0186-4132-8F16-D497328E89AA}.Release|Any CPU.ActiveCfg = Release|Any CPU
		{934D2CB9-0186-4132-8F16-D497328E89AA}.Release|Any CPU.Build.0 = Release|Any CPU
		{1240110E-9784-4279-9E21-841E0A1ECB16}.Debug|Any CPU.ActiveCfg = Debug|Any CPU
		{1240110E-9784-4279-9E21-841E0A1ECB16}.Debug|Any CPU.Build.0 = Debug|Any CPU
		{1240110E-9784-4279-9E21-841E0A1ECB16}.Release|Any CPU.ActiveCfg = Release|Any CPU
		{1240110E-9784-4279-9E21-841E0A1ECB16}.Release|Any CPU.Build.0 = Release|Any CPU
	EndGlobalSection
	GlobalSection(SolutionProperties) = preSolution
		HideSolutionNode = FALSE
	EndGlobalSection
	GlobalSection(NestedProjects) = preSolution
		{2119A0A2-45AF-46F9-A8B6-CC22D974A883} = {02EA681E-C7D8-13C7-8484-4AC65E1B71E8}
		{6C0F0FCB-D7DF-4C7B-995C-5A8710DE8547} = {872063C6-A3ED-4CA5-A576-121EB808E1BE}
		{4531E132-E7A3-4830-B62B-BE126007B1DB} = {72754C31-C965-4A48-B976-A3DF2222ECD5}
		{6167256F-3574-4031-945D-4F8B722D2421} = {8492A5B0-2E6E-4D77-B37E-C472DF474960}
		{4AC9EA9D-1599-45C4-8682-3650AC93CC90} = {C9A3A056-A7E3-4B6C-AC7B-6D307437127D}
		{44C48DE7-BF82-4CD7-8F80-1DA981A97D4A} = {4D089374-7F77-4774-BECC-F3EF288DEAB0}
		{8341C77B-080C-479B-9EA1-FF79F40D1F1A} = {CB4F60E4-6E38-482C-B396-71CD76F8D3FB}
		{BE2473D7-14F9-4131-A549-0F10456FDC23} = {9B9732E7-550B-4699-8842-9BEEA15DDBC3}
		{2B4A6B3A-AF3A-4BAB-9FEA-3817298EEB3D} = {E1B810A3-35D9-418B-9B03-6B6BFC1E71FE}
		{135D2637-E30F-4A62-A691-71AFA042BDE4} = {16FFC072-06B4-4D14-B85E-A7E9A526DD50}
		{F3100F7B-1DA2-4990-8F58-BEA05C3004AB} = {61AC7641-99DE-4554-8503-C9E002A487A5}
		{5ACFCC80-2AAF-47F9-985B-0D4524C4C939} = {0C0EEE38-EB9A-45B5-87F1-A7B0B6F6B852}
		{2FE7533A-5403-4D55-B684-89F37160FF09} = {29F89E4A-5FEB-49FB-A7A2-BD8B5A36AC68}
		{934D2CB9-0186-4132-8F16-D497328E89AA} = {3AA02B8A-17F4-4706-B0FC-93BE5559E611}
		{1240110E-9784-4279-9E21-841E0A1ECB16} = {6948375E-6B4F-40E2-A2A2-9553323A5C91}
	EndGlobalSection
	GlobalSection(ExtensibilityGlobals) = postSolution
		SolutionGuid = {D9CE20F3-E804-43D9-B6F5-51B0F665F180}
	EndGlobalSection
EndGlobal
